
Microsoft Visual Studio Solution File, Format Version 12.00
# Visual Studio Version 17
VisualStudioVersion = 17.11.35312.102
MinimumVisualStudioVersion = 10.0.40219.1
Project("{FAE04EC0-301F-11D3-BF4B-00C04F79EFBC}") = "AspNet-RateLimit", "AspNet-RateLimit\AspNet-RateLimit.csproj", "{E9C97E46-CF11-422A-9966-5B11CA51D0A0}"
EndProject
Global
	GlobalSection(SolutionConfigurationPlatforms) = preSolution
		Debug|Any CPU = Debug|Any CPU
		Release|Any CPU = Release|Any CPU
	EndGlobalSection
	GlobalSection(ProjectConfigurationPlatforms) = postSolution
		{E9C97E46-CF11-422A-9966-5B11CA51D0A0}.Debug|Any CPU.ActiveCfg = Debug|Any CPU
		{E9C97E46-CF11-422A-9966-5B11CA51D0A0}.Debug|Any CPU.Build.0 = Debug|Any CPU
		{E9C97E46-CF11-422A-9966-5B11CA51D0A0}.Release|Any CPU.ActiveCfg = Release|Any CPU
		{E9C97E46-CF11-422A-9966-5B11CA51D0A0}.Release|Any CPU.Build.0 = Release|Any CPU
	EndGlobalSection
	GlobalSection(SolutionProperties) = preSolution
		HideSolutionNode = FALSE
	EndGlobalSection
	GlobalSection(ExtensibilityGlobals) = postSolution
		SolutionGuid = {C62693ED-3627-4EEA-9FEB-B847BD5B92E4}
	EndGlobalSection
EndGlobal
